// !$*UTF8*$!
{
	archiveVersion = 1;
	classes = {
	};
	objectVersion = 50;
	objects = {

/* Begin PBXBuildFile section */
		3135EBBD246B3BDB00FCFA90 /* KeyChain.swift in Sources */ = {isa = PBXBuildFile; fileRef = 3135EBBC246B3BDA00FCFA90 /* KeyChain.swift */; };
		313C2A17245A1A7800EBF4A1 /* AppDelegate.swift in Sources */ = {isa = PBXBuildFile; fileRef = 313C2A16245A1A7800EBF4A1 /* AppDelegate.swift */; };
		313C2A19245A1A7800EBF4A1 /* SceneDelegate.swift in Sources */ = {isa = PBXBuildFile; fileRef = 313C2A18245A1A7800EBF4A1 /* SceneDelegate.swift */; };
		313C2A1B245A1A7800EBF4A1 /* FeedViewController.swift in Sources */ = {isa = PBXBuildFile; fileRef = 313C2A1A245A1A7800EBF4A1 /* FeedViewController.swift */; };
		313C2A1E245A1A7800EBF4A1 /* Main.storyboard in Resources */ = {isa = PBXBuildFile; fileRef = 313C2A1C245A1A7800EBF4A1 /* Main.storyboard */; };
		313C2A20245A1A8300EBF4A1 /* Assets.xcassets in Resources */ = {isa = PBXBuildFile; fileRef = 313C2A1F245A1A8300EBF4A1 /* Assets.xcassets */; };
		313C2A23245A1A8300EBF4A1 /* LaunchScreen.storyboard in Resources */ = {isa = PBXBuildFile; fileRef = 313C2A21245A1A8300EBF4A1 /* LaunchScreen.storyboard */; };
		313C2A2B245AD60800EBF4A1 /* RequestManager.swift in Sources */ = {isa = PBXBuildFile; fileRef = 313C2A2A245AD60800EBF4A1 /* RequestManager.swift */; };
		313C2A2D245AD66900EBF4A1 /* DataModel.swift in Sources */ = {isa = PBXBuildFile; fileRef = 313C2A2C245AD66900EBF4A1 /* DataModel.swift */; };
		313C2A2F245AD69700EBF4A1 /* DecodeData.swift in Sources */ = {isa = PBXBuildFile; fileRef = 313C2A2E245AD69700EBF4A1 /* DecodeData.swift */; };
		3142238E245C5A9D00260B6D /* ProfileViewController.swift in Sources */ = {isa = PBXBuildFile; fileRef = 3142238D245C5A9D00260B6D /* ProfileViewController.swift */; };
		3142239B245DFFD200260B6D /* FeedViewCell.swift in Sources */ = {isa = PBXBuildFile; fileRef = 31422399245DFFD200260B6D /* FeedViewCell.swift */; };
		3142239C245DFFD200260B6D /* FeedViewCell.xib in Resources */ = {isa = PBXBuildFile; fileRef = 3142239A245DFFD200260B6D /* FeedViewCell.xib */; };
		3142239E245E1A5D00260B6D /* VideoPlayerView.swift in Sources */ = {isa = PBXBuildFile; fileRef = 3142239D245E1A5D00260B6D /* VideoPlayerView.swift */; };
		314223A02462D9D500260B6D /* QrScannerController.swift in Sources */ = {isa = PBXBuildFile; fileRef = 3142239F2462D9D500260B6D /* QrScannerController.swift */; };
/* End PBXBuildFile section */

/* Begin PBXFileReference section */
		3135EBBC246B3BDA00FCFA90 /* KeyChain.swift */ = {isa = PBXFileReference; lastKnownFileType = sourcecode.swift; path = KeyChain.swift; sourceTree = "<group>"; };
		313C2A13245A1A7800EBF4A1 /* TJournalGifv.app */ = {isa = PBXFileReference; explicitFileType = wrapper.application; includeInIndex = 0; path = TJournalGifv.app; sourceTree = BUILT_PRODUCTS_DIR; };
		313C2A16245A1A7800EBF4A1 /* AppDelegate.swift */ = {isa = PBXFileReference; lastKnownFileType = sourcecode.swift; path = AppDelegate.swift; sourceTree = "<group>"; };
		313C2A18245A1A7800EBF4A1 /* SceneDelegate.swift */ = {isa = PBXFileReference; lastKnownFileType = sourcecode.swift; path = SceneDelegate.swift; sourceTree = "<group>"; };
		313C2A1A245A1A7800EBF4A1 /* FeedViewController.swift */ = {isa = PBXFileReference; lastKnownFileType = sourcecode.swift; path = FeedViewController.swift; sourceTree = "<group>"; };
		313C2A1D245A1A7800EBF4A1 /* Base */ = {isa = PBXFileReference; lastKnownFileType = file.storyboard; name = Base; path = Base.lproj/Main.storyboard; sourceTree = "<group>"; };
		313C2A1F245A1A8300EBF4A1 /* Assets.xcassets */ = {isa = PBXFileReference; lastKnownFileType = folder.assetcatalog; path = Assets.xcassets; sourceTree = "<group>"; };
		313C2A22245A1A8300EBF4A1 /* Base */ = {isa = PBXFileReference; lastKnownFileType = file.storyboard; name = Base; path = Base.lproj/LaunchScreen.storyboard; sourceTree = "<group>"; };
		313C2A24245A1A8300EBF4A1 /* Info.plist */ = {isa = PBXFileReference; lastKnownFileType = text.plist.xml; path = Info.plist; sourceTree = "<group>"; };
		313C2A2A245AD60800EBF4A1 /* RequestManager.swift */ = {isa = PBXFileReference; lastKnownFileType = sourcecode.swift; path = RequestManager.swift; sourceTree = "<group>"; };
		313C2A2C245AD66900EBF4A1 /* DataModel.swift */ = {isa = PBXFileReference; lastKnownFileType = sourcecode.swift; path = DataModel.swift; sourceTree = "<group>"; };
		313C2A2E245AD69700EBF4A1 /* DecodeData.swift */ = {isa = PBXFileReference; lastKnownFileType = sourcecode.swift; path = DecodeData.swift; sourceTree = "<group>"; };
		3142238D245C5A9D00260B6D /* ProfileViewController.swift */ = {isa = PBXFileReference; lastKnownFileType = sourcecode.swift; path = ProfileViewController.swift; sourceTree = "<group>"; };
		31422399245DFFD200260B6D /* FeedViewCell.swift */ = {isa = PBXFileReference; lastKnownFileType = sourcecode.swift; path = FeedViewCell.swift; sourceTree = "<group>"; };
		3142239A245DFFD200260B6D /* FeedViewCell.xib */ = {isa = PBXFileReference; lastKnownFileType = file.xib; path = FeedViewCell.xib; sourceTree = "<group>"; };
		3142239D245E1A5D00260B6D /* VideoPlayerView.swift */ = {isa = PBXFileReference; lastKnownFileType = sourcecode.swift; path = VideoPlayerView.swift; sourceTree = "<group>"; };
		3142239F2462D9D500260B6D /* QrScannerController.swift */ = {isa = PBXFileReference; lastKnownFileType = sourcecode.swift; path = QrScannerController.swift; sourceTree = "<group>"; };
/* End PBXFileReference section */

/* Begin PBXFrameworksBuildPhase section */
		313C2A10245A1A7800EBF4A1 /* Frameworks */ = {
			isa = PBXFrameworksBuildPhase;
			buildActionMask = 2147483647;
			files = (
			);
			runOnlyForDeploymentPostprocessing = 0;
		};
/* End PBXFrameworksBuildPhase section */

/* Begin PBXGroup section */
		313C2A0A245A1A7700EBF4A1 = {
			isa = PBXGroup;
			children = (
				313C2A15245A1A7800EBF4A1 /* TJournalGifv */,
				313C2A14245A1A7800EBF4A1 /* Products */,
			);
			sourceTree = "<group>";
		};
		313C2A14245A1A7800EBF4A1 /* Products */ = {
			isa = PBXGroup;
			children = (
				313C2A13245A1A7800EBF4A1 /* TJournalGifv.app */,
			);
			name = Products;
			sourceTree = "<group>";
		};
		313C2A15245A1A7800EBF4A1 /* TJournalGifv */ = {
			isa = PBXGroup;
			children = (
				313C2A16245A1A7800EBF4A1 /* AppDelegate.swift */,
				31422399245DFFD200260B6D /* FeedViewCell.swift */,
				3142239A245DFFD200260B6D /* FeedViewCell.xib */,
				313C2A18245A1A7800EBF4A1 /* SceneDelegate.swift */,
				313C2A1A245A1A7800EBF4A1 /* FeedViewController.swift */,
				3142238D245C5A9D00260B6D /* ProfileViewController.swift */,
				313C2A2A245AD60800EBF4A1 /* RequestManager.swift */,
				3135EBBC246B3BDA00FCFA90 /* KeyChain.swift */,
				313C2A2C245AD66900EBF4A1 /* DataModel.swift */,
				313C2A2E245AD69700EBF4A1 /* DecodeData.swift */,
				313C2A1C245A1A7800EBF4A1 /* Main.storyboard */,
				313C2A1F245A1A8300EBF4A1 /* Assets.xcassets */,
				313C2A21245A1A8300EBF4A1 /* LaunchScreen.storyboard */,
				313C2A24245A1A8300EBF4A1 /* Info.plist */,
				3142239D245E1A5D00260B6D /* VideoPlayerView.swift */,
				3142239F2462D9D500260B6D /* QrScannerController.swift */,
			);
			path = TJournalGifv;
			sourceTree = "<group>";
		};
/* End PBXGroup section */

/* Begin PBXNativeTarget section */
		313C2A12245A1A7800EBF4A1 /* TJournalGifv */ = {
			isa = PBXNativeTarget;
			buildConfigurationList = 313C2A27245A1A8300EBF4A1 /* Build configuration list for PBXNativeTarget "TJournalGifv" */;
			buildPhases = (
				313C2A0F245A1A7800EBF4A1 /* Sources */,
				313C2A10245A1A7800EBF4A1 /* Frameworks */,
				313C2A11245A1A7800EBF4A1 /* Resources */,
			);
			buildRules = (
			);
			dependencies = (
			);
			name = TJournalGifv;
			productName = TJournalGifv;
			productReference = 313C2A13245A1A7800EBF4A1 /* TJournalGifv.app */;
			productType = "com.apple.product-type.application";
		};
/* End PBXNativeTarget section */

/* Begin PBXProject section */
		313C2A0B245A1A7700EBF4A1 /* Project object */ = {
			isa = PBXProject;
			attributes = {
				LastSwiftUpdateCheck = 1140;
				LastUpgradeCheck = 1140;
				ORGANIZATIONNAME = zombewnew;
				TargetAttributes = {
					313C2A12245A1A7800EBF4A1 = {
						CreatedOnToolsVersion = 11.4.1;
					};
				};
			};
			buildConfigurationList = 313C2A0E245A1A7700EBF4A1 /* Build configuration list for PBXProject "TJournalGifv" */;
			compatibilityVersion = "Xcode 9.3";
			developmentRegion = en;
			hasScannedForEncodings = 0;
			knownRegions = (
				en,
				Base,
			);
			mainGroup = 313C2A0A245A1A7700EBF4A1;
			productRefGroup = 313C2A14245A1A7800EBF4A1 /* Products */;
			projectDirPath = "";
			projectRoot = "";
			targets = (
				313C2A12245A1A7800EBF4A1 /* TJournalGifv */,
			);
		};
/* End PBXProject section */

/* Begin PBXResourcesBuildPhase section */
		313C2A11245A1A7800EBF4A1 /* Resources */ = {
			isa = PBXResourcesBuildPhase;
			buildActionMask = 2147483647;
			files = (
				3142239C245DFFD200260B6D /* FeedViewCell.xib in Resources */,
				313C2A23245A1A8300EBF4A1 /* LaunchScreen.storyboard in Resources */,
				313C2A20245A1A8300EBF4A1 /* Assets.xcassets in Resources */,
				313C2A1E245A1A7800EBF4A1 /* Main.storyboard in Resources */,
			);
			runOnlyForDeploymentPostprocessing = 0;
		};
/* End PBXResourcesBuildPhase section */

/* Begin PBXSourcesBuildPhase section */
		313C2A0F245A1A7800EBF4A1 /* Sources */ = {
			isa = PBXSourcesBuildPhase;
			buildActionMask = 2147483647;
			files = (
				3135EBBD246B3BDB00FCFA90 /* KeyChain.swift in Sources */,
				313C2A1B245A1A7800EBF4A1 /* FeedViewController.swift in Sources */,
				313C2A17245A1A7800EBF4A1 /* AppDelegate.swift in Sources */,
				313C2A2F245AD69700EBF4A1 /* DecodeData.swift in Sources */,
				313C2A19245A1A7800EBF4A1 /* SceneDelegate.swift in Sources */,
				3142239B245DFFD200260B6D /* FeedViewCell.swift in Sources */,
				3142239E245E1A5D00260B6D /* VideoPlayerView.swift in Sources */,
				3142238E245C5A9D00260B6D /* ProfileViewController.swift in Sources */,
				313C2A2D245AD66900EBF4A1 /* DataModel.swift in Sources */,
				313C2A2B245AD60800EBF4A1 /* RequestManager.swift in Sources */,
				314223A02462D9D500260B6D /* QrScannerController.swift in Sources */,
			);
			runOnlyForDeploymentPostprocessing = 0;
		};
/* End PBXSourcesBuildPhase section */

/* Begin PBXVariantGroup section */
		313C2A1C245A1A7800EBF4A1 /* Main.storyboard */ = {
			isa = PBXVariantGroup;
			children = (
				313C2A1D245A1A7800EBF4A1 /* Base */,
			);
			name = Main.storyboard;
			sourceTree = "<group>";
		};
		313C2A21245A1A8300EBF4A1 /* LaunchScreen.storyboard */ = {
			isa = PBXVariantGroup;
			children = (
				313C2A22245A1A8300EBF4A1 /* Base */,
			);
			name = LaunchScreen.storyboard;
			sourceTree = "<group>";
		};
/* End PBXVariantGroup section */

/* Begin XCBuildConfiguration section */
		313C2A25245A1A8300EBF4A1 /* Debug */ = {
			isa = XCBuildConfiguration;
			buildSettings = {
				ALWAYS_SEARCH_USER_PATHS = NO;
				CLANG_ANALYZER_NONNULL = YES;
				CLANG_ANALYZER_NUMBER_OBJECT_CONVERSION = YES_AGGRESSIVE;
				CLANG_CXX_LANGUAGE_STANDARD = "gnu++14";
				CLANG_CXX_LIBRARY = "libc++";
				CLANG_ENABLE_MODULES = YES;
				CLANG_ENABLE_OBJC_ARC = YES;
				CLANG_ENABLE_OBJC_WEAK = YES;
				CLANG_WARN_BLOCK_CAPTURE_AUTORELEASING = YES;
				CLANG_WARN_BOOL_CONVERSION = YES;
				CLANG_WARN_COMMA = YES;
				CLANG_WARN_CONSTANT_CONVERSION = YES;
				CLANG_WARN_DEPRECATED_OBJC_IMPLEMENTATIONS = YES;
				CLANG_WARN_DIRECT_OBJC_ISA_USAGE = YES_ERROR;
				CLANG_WARN_DOCUMENTATION_COMMENTS = YES;
				CLANG_WARN_EMPTY_BODY = YES;
				CLANG_WARN_ENUM_CONVERSION = YES;
				CLANG_WARN_INFINITE_RECURSION = YES;
				CLANG_WARN_INT_CONVERSION = YES;
				CLANG_WARN_NON_LITERAL_NULL_CONVERSION = YES;
				CLANG_WARN_OBJC_IMPLICIT_RETAIN_SELF = YES;
				CLANG_WARN_OBJC_LITERAL_CONVERSION = YES;
				CLANG_WARN_OBJC_ROOT_CLASS = YES_ERROR;
				CLANG_WARN_RANGE_LOOP_ANALYSIS = YES;
				CLANG_WARN_STRICT_PROTOTYPES = YES;
				CLANG_WARN_SUSPICIOUS_MOVE = YES;
				CLANG_WARN_UNGUARDED_AVAILABILITY = YES_AGGRESSIVE;
				CLANG_WARN_UNREACHABLE_CODE = YES;
				CLANG_WARN__DUPLICATE_METHOD_MATCH = YES;
				COPY_PHASE_STRIP = NO;
				DEBUG_INFORMATION_FORMAT = dwarf;
				ENABLE_STRICT_OBJC_MSGSEND = YES;
				ENABLE_TESTABILITY = YES;
				GCC_C_LANGUAGE_STANDARD = gnu11;
				GCC_DYNAMIC_NO_PIC = NO;
				GCC_NO_COMMON_BLOCKS = YES;
				GCC_OPTIMIZATION_LEVEL = 0;
				GCC_PREPROCESSOR_DEFINITIONS = (
					"DEBUG=1",
					"$(inherited)",
				);
				GCC_WARN_64_TO_32_BIT_CONVERSION = YES;
				GCC_WARN_ABOUT_RETURN_TYPE = YES_ERROR;
				GCC_WARN_UNDECLARED_SELECTOR = YES;
				GCC_WARN_UNINITIALIZED_AUTOS = YES_AGGRESSIVE;
				GCC_WARN_UNUSED_FUNCTION = YES;
				GCC_WARN_UNUSED_VARIABLE = YES;
				IPHONEOS_DEPLOYMENT_TARGET = 13.4;
				MTL_ENABLE_DEBUG_INFO = INCLUDE_SOURCE;
				MTL_FAST_MATH = YES;
				ONLY_ACTIVE_ARCH = YES;
				SDKROOT = iphoneos;
				SWIFT_ACTIVE_COMPILATION_CONDITIONS = DEBUG;
				SWIFT_OPTIMIZATION_LEVEL = "-Onone";
			};
			name = Debug;
		};
		313C2A26245A1A8300EBF4A1 /* Release */ = {
			isa = XCBuildConfiguration;
			buildSettings = {
				ALWAYS_SEARCH_USER_PATHS = NO;
				CLANG_ANALYZER_NONNULL = YES;
				CLANG_ANALYZER_NUMBER_OBJECT_CONVERSION = YES_AGGRESSIVE;
				CLANG_CXX_LANGUAGE_STANDARD = "gnu++14";
				CLANG_CXX_LIBRARY = "libc++";
				CLANG_ENABLE_MODULES = YES;
				CLANG_ENABLE_OBJC_ARC = YES;
				CLANG_ENABLE_OBJC_WEAK = YES;
				CLANG_WARN_BLOCK_CAPTURE_AUTORELEASING = YES;
				CLANG_WARN_BOOL_CONVERSION = YES;
				CLANG_WARN_COMMA = YES;
				CLANG_WARN_CONSTANT_CONVERSION = YES;
				CLANG_WARN_DEPRECATED_OBJC_IMPLEMENTATIONS = YES;
				CLANG_WARN_DIRECT_OBJC_ISA_USAGE = YES_ERROR;
				CLANG_WARN_DOCUMENTATION_COMMENTS = YES;
				CLANG_WARN_EMPTY_BODY = YES;
				CLANG_WARN_ENUM_CONVERSION = YES;
				CLANG_WARN_INFINITE_RECURSION = YES;
				CLANG_WARN_INT_CONVERSION = YES;
				CLANG_WARN_NON_LITERAL_NULL_CONVERSION = YES;
				CLANG_WARN_OBJC_IMPLICIT_RETAIN_SELF = YES;
				CLANG_WARN_OBJC_LITERAL_CONVERSION = YES;
				CLANG_WARN_OBJC_ROOT_CLASS = YES_ERROR;
				CLANG_WARN_RANGE_LOOP_ANALYSIS = YES;
				CLANG_WARN_STRICT_PROTOTYPES = YES;
				CLANG_WARN_SUSPICIOUS_MOVE = YES;
				CLANG_WARN_UNGUARDED_AVAILABILITY = YES_AGGRESSIVE;
				CLANG_WARN_UNREACHABLE_CODE = YES;
				CLANG_WARN__DUPLICATE_METHOD_MATCH = YES;
				COPY_PHASE_STRIP = NO;
				DEBUG_INFORMATION_FORMAT = "dwarf-with-dsym";
				ENABLE_NS_ASSERTIONS = NO;
				ENABLE_STRICT_OBJC_MSGSEND = YES;
				GCC_C_LANGUAGE_STANDARD = gnu11;
				GCC_NO_COMMON_BLOCKS = YES;
				GCC_WARN_64_TO_32_BIT_CONVERSION = YES;
				GCC_WARN_ABOUT_RETURN_TYPE = YES_ERROR;
				GCC_WARN_UNDECLARED_SELECTOR = YES;
				GCC_WARN_UNINITIALIZED_AUTOS = YES_AGGRESSIVE;
				GCC_WARN_UNUSED_FUNCTION = YES;
				GCC_WARN_UNUSED_VARIABLE = YES;
				IPHONEOS_DEPLOYMENT_TARGET = 13.4;
				MTL_ENABLE_DEBUG_INFO = NO;
				MTL_FAST_MATH = YES;
				SDKROOT = iphoneos;
				SWIFT_COMPILATION_MODE = wholemodule;
				SWIFT_OPTIMIZATION_LEVEL = "-O";
				VALIDATE_PRODUCT = YES;
			};
			name = Release;
		};
		313C2A28245A1A8300EBF4A1 /* Debug */ = {
			isa = XCBuildConfiguration;
			buildSettings = {
				ASSETCATALOG_COMPILER_APPICON_NAME = AppIcon;
				CODE_SIGN_STYLE = Automatic;
				DEVELOPMENT_TEAM = 57KY8J228F;
				INFOPLIST_FILE = TJournalGifv/Info.plist;
				LD_RUNPATH_SEARCH_PATHS = (
					"$(inherited)",
					"@executable_path/Frameworks",
				);
				PRODUCT_BUNDLE_IDENTIFIER = com.zombewnew.TJournalGifv;
				PRODUCT_NAME = "$(TARGET_NAME)";
				SWIFT_VERSION = 5.0;
				TARGETED_DEVICE_FAMILY = "1,2";
			};
			name = Debug;
		};
		313C2A29245A1A8300EBF4A1 /* Release */ = {
			isa = XCBuildConfiguration;
			buildSettings = {
				ASSETCATALOG_COMPILER_APPICON_NAME = AppIcon;
				CODE_SIGN_STYLE = Automatic;
				DEVELOPMENT_TEAM = 57KY8J228F;
				INFOPLIST_FILE = TJournalGifv/Info.plist;
				LD_RUNPATH_SEARCH_PATHS = (
					"$(inherited)",
					"@executable_path/Frameworks",
				);
				PRODUCT_BUNDLE_IDENTIFIER = com.zombewnew.TJournalGifv;
				PRODUCT_NAME = "$(TARGET_NAME)";
				SWIFT_VERSION = 5.0;
				TARGETED_DEVICE_FAMILY = "1,2";
			};
			name = Release;
		};
/* End XCBuildConfiguration section */

/* Begin XCConfigurationList section */
		313C2A0E245A1A7700EBF4A1 /* Build configuration list for PBXProject "TJournalGifv" */ = {
			isa = XCConfigurationList;
			buildConfigurations = (
				313C2A25245A1A8300EBF4A1 /* Debug */,
				313C2A26245A1A8300EBF4A1 /* Release */,
			);
			defaultConfigurationIsVisible = 0;
			defaultConfigurationName = Release;
		};
		313C2A27245A1A8300EBF4A1 /* Build configuration list for PBXNativeTarget "TJournalGifv" */ = {
			isa = XCConfigurationList;
			buildConfigurations = (
				313C2A28245A1A8300EBF4A1 /* Debug */,
				313C2A29245A1A8300EBF4A1 /* Release */,
			);
			defaultConfigurationIsVisible = 0;
			defaultConfigurationName = Release;
		};
/* End XCConfigurationList section */
	};
	rootObject = 313C2A0B245A1A7700EBF4A1 /* Project object */;
}
